{
    "_meta": {
        "hash": {
            "sha256": "ef8e741afc0a6b100644449c3b088deb92dbe6bdf10569e8d1fa1ea2074e1c95"
        },
        "pipfile-spec": 6,
        "requires": {
            "python_version": "3.6"
        },
        "sources": [
            {
                "name": "pypi",
                "url": "https://pypi.python.org/simple",
                "verify_ssl": true
            }
        ]
    },
    "default": {
        "alembic": {
            "hashes": [
                "sha256:13b8611788acf0d7b617775db5c2ae26554a6d4263c590ef628d448fd05aef56"
            ],
            "version": "==0.9.8"
        },
        "asn1crypto": {
            "hashes": [
                "sha256:2f1adbb7546ed199e3c90ef23ec95c5cf3585bac7d11fb7eb562a3fe89c64e87",
                "sha256:9d5c20441baf0cb60a4ac34cc447c6c189024b6b4c6cd7877034f4965c464e49"
            ],
            "version": "==0.24.0"
        },
        "attrdict": {
            "hashes": [
                "sha256:86aeb6d3809e0344409f8148d7cac9eabce5f0b577c160b5e90d10df3f8d2ad3"
            ],
            "version": "==2.0.0"
        },
        "bcolz": {
            "hashes": [
                "sha256:a8dafa42cd4f3ca130ecb81f7e778204a12c2180c18fd570ef753de58ee7ddbd"
            ],
            "version": "==0.12.1"
        },
        "boto3": {
            "hashes": [
                "sha256:48823dab93700238a6d879df10e8244db7224f01df62128b20237fae0cf94f56",
                "sha256:b8d3590f8a26cd3a1e4251a80fccc3de7506a830da9fc29ef1ff9499601682a2"
            ],
            "version": "==1.6.6"
        },
        "botocore": {
            "hashes": [
                "sha256:c43d16a60089b09696e5094a74204740dfcf306e644b8267342e3afdd181537c",
                "sha256:f7e0b48003558086f46895cd22f860046c0a6b939f771d1acc97fa8d18cb4ff4"
            ],
            "version": "==1.9.6"
        },
        "bottleneck": {
            "hashes": [
                "sha256:6efcde5f830aed64feafca0359b51db0e184c72af8ba6675b4a99f263922eb36"
            ],
            "version": "==1.2.1"
        },
        "ccxt": {
            "hashes": [
                "sha256:e6094bf4c593c863689e73d353f63323b384a68b86cf9255e357a986319e56c4",
                "sha256:e9ca11f888a19c5b0b18c2cde2d8cca84b3bdb73b9b0f324c7d2037be97127b4"
            ],
            "version": "==1.11.57"
        },
        "certifi": {
            "hashes": [
                "sha256:14131608ad2fd56836d33a71ee60fa1c82bc9d2c8d98b7bdbc631fe1b3cd1296",
                "sha256:edbc3f203427eef571f79a7692bb160a2b0f7ccaa31953e99bd17e307cf63f7d"
            ],
            "version": "==2018.1.18"
        },
        "cffi": {
            "hashes": [
                "sha256:151b7eefd035c56b2b2e1eb9963c90c6302dc15fbd8c1c0a83a163ff2c7d7743",
                "sha256:1553d1e99f035ace1c0544050622b7bc963374a00c467edafac50ad7bd276aef",
                "sha256:1b0493c091a1898f1136e3f4f991a784437fac3673780ff9de3bcf46c80b6b50",
                "sha256:2ba8a45822b7aee805ab49abfe7eec16b90587f7f26df20c71dd89e45a97076f",
                "sha256:3c85641778460581c42924384f5e68076d724ceac0f267d66c757f7535069c93",
                "sha256:3eb6434197633b7748cea30bf0ba9f66727cdce45117a712b29a443943733257",
                "sha256:4c91af6e967c2015729d3e69c2e51d92f9898c330d6a851bf8f121236f3defd3",
                "sha256:770f3782b31f50b68627e22f91cb182c48c47c02eb405fd689472aa7b7aa16dc",
                "sha256:79f9b6f7c46ae1f8ded75f68cf8ad50e5729ed4d590c74840471fc2823457d04",
                "sha256:7a33145e04d44ce95bcd71e522b478d282ad0eafaf34fe1ec5bbd73e662f22b6",
                "sha256:857959354ae3a6fa3da6651b966d13b0a8bed6bbc87a0de7b38a549db1d2a359",
                "sha256:87f37fe5130574ff76c17cab61e7d2538a16f843bb7bca8ebbc4b12de3078596",
                "sha256:95d5251e4b5ca00061f9d9f3d6fe537247e145a8524ae9fd30a2f8fbce993b5b",
                "sha256:9d1d3e63a4afdc29bd76ce6aa9d58c771cd1599fbba8cf5057e7860b203710dd",
                "sha256:a36c5c154f9d42ec176e6e620cb0dd275744aa1d804786a71ac37dc3661a5e95",
                "sha256:ae5e35a2c189d397b91034642cb0eab0e346f776ec2eb44a49a459e6615d6e2e",
                "sha256:b0f7d4a3df8f06cf49f9f121bead236e328074de6449866515cea4907bbc63d6",
                "sha256:b75110fb114fa366b29a027d0c9be3709579602ae111ff61674d28c93606acca",
                "sha256:ba5e697569f84b13640c9e193170e89c13c6244c24400fc57e88724ef610cd31",
                "sha256:be2a9b390f77fd7676d80bc3cdc4f8edb940d8c198ed2d8c0be1319018c778e1",
                "sha256:d5d8555d9bfc3f02385c1c37e9f998e2011f0db4f90e250e5bc0c0a85a813085",
                "sha256:e55e22ac0a30023426564b1059b035973ec82186ddddbac867078435801c7801",
                "sha256:e90f17980e6ab0f3c2f3730e56d1fe9bcba1891eeea58966e89d352492cc74f4",
                "sha256:ecbb7b01409e9b782df5ded849c178a0aa7c906cf8c5a67368047daab282b184",
                "sha256:ed01918d545a38998bfa5902c7c00e0fee90e957ce036a4000a88e3fe2264917",
                "sha256:edabd457cd23a02965166026fd9bfd196f4324fe6032e866d0f3bd0301cd486f",
                "sha256:fdf1c1dc5bafc32bc5d08b054f94d659422b05aba244d6be4ddc1c72d9aa70fb"
            ],
            "markers": "platform_python_implementation != 'PyPy'",
            "version": "==1.11.5"
        },
        "chardet": {
            "hashes": [
                "sha256:84ab92ed1c4d4f16916e05906b6b75a6c0fb5db821cc65e70cbd64a3e2a5eaae",
                "sha256:fc323ffcaeaed0e0a02bf4d117757b98aed530d9ed4531e3e15460124c106691"
            ],
            "version": "==3.0.4"
        },
        "click": {
            "hashes": [
                "sha256:29f99fc6125fbc931b758dc053b3114e55c77a6e4c6c3a2674a2dc986016381d",
                "sha256:f15516df478d5a56180fbf80e68f206010e6d160fc39fa508b65e035fd75130b"
            ],
            "version": "==6.7"
        },
        "contextlib2": {
            "hashes": [
                "sha256:509f9419ee91cdd00ba34443217d5ca51f5a364a404e1dce9e8979cea969ca48",
                "sha256:f5260a6e679d2ff42ec91ec5252f4eeffdcf21053db9113bd0a8e4d953769c00"
            ],
            "version": "==0.5.5"
        },
        "cryptography": {
            "hashes": [
                "sha256:0d39a93cf25edeae1f796bbc5960e587f34513a852564f6345ea4491a86c5997",
                "sha256:18d0b0fc21f39b35ea469a82584f55eeecec1f65a92d85af712c425bdef627b3",
                "sha256:27a208b9600166976182351174948e128818e7fc95cbdba18143f3106a211546",
                "sha256:28e4e9a97713aa47b5ef9c5003def2eb58aec89781ef3ef82b1c2916a8b0639b",
                "sha256:2cfcee8829c5dec55597826d52c26bc26e7ce39adb4771584459d0636b0b7108",
                "sha256:33b564196dcd563e309a0b07444e31611368afe3a3822160c046f5e4c3b5cdd7",
                "sha256:41f94194ae78f83fd94ca94fb8ad65f92210a76a2421169ffa5c33c3ec7605f4",
                "sha256:4f385ee7d39ee1ed74f1d6b1da03d0734ea82855a7b28a9e6e88c4091bc58664",
                "sha256:55555d784cfdf9033e81f044c0df04babed2aa141213765d960d233b0139e353",
                "sha256:69285f5615507b6625f89ea1048addd1d9218585fb886eb90bdebb1d2b2d26f5",
                "sha256:6cb1224da391fa90f1be524eafb375b62baf8d3df9690b32e8cc475ccfccee5e",
                "sha256:6fb22f63e17813f3d1d8e30dd1e249e2c34233ba1d3de977fd31cb5db764c7d0",
                "sha256:7a2409f1564c84bcf2563d379c9b6148c5bc6b0ae46e109f6a7b4bebadf551df",
                "sha256:8487524a1212223ca6dc7e2c8913024618f7ff29855c98869088e3818d5f6733",
                "sha256:9a2945efcff84830c8e237ab037d0269380d75d400a89cc9e5628e52647e21be",
                "sha256:9a47a80f65f4feaaf8415a40c339806c7d7d867152ddccc6ca87f707c8b7b565",
                "sha256:a3c180d12ffb1d8ee5b33a514a5bcb2a9cc06cc89aa74038015591170c82f55d",
                "sha256:a5f2c681fd040ed648513939a1dd2242af19bd5e9e79e53b6dcfa33bdae61217",
                "sha256:b984523d28737e373c7c35c8b6db6001537609d47534892de189bebebaa42a47",
                "sha256:d18df9cf3f3212df28d445ea82ce702c4d7a35817ef7a38ee38879ffa8f7e857",
                "sha256:e4d967371c5b6b2e67855066471d844c5d52d210c36c28d49a8507b96e2c5291",
                "sha256:ee245f185fae723133511e2450be08a66c2eebb53ad27c0c19b228029f4748a5",
                "sha256:fc2208d95d9ecc8032f5e38330d5ace2e3b0b998e42b08c30c35b2ab3a4a3bc8"
            ],
            "version": "==2.1.4"
        },
        "cycler": {
            "hashes": [
                "sha256:1d8a5ae1ff6c5cf9b93e8811e581232ad8920aeec647c37316ceac982b08cb2d",
                "sha256:cd7b2d1018258d7247a71425e9f26463dfb444d411c39569972f4ce586b0c9d8"
            ],
            "version": "==0.10.0"
        },
        "cyordereddict": {
            "hashes": [
                "sha256:d9b2c31796999770801a9a49403b8cb49510ecb64e5d1e9d4763ed44f2d5a76e"
            ],
            "version": "==1.0.0"
        },
        "cython": {
            "hashes": [
                "sha256:251bb50e36044ad26ff45960a60cb75868757fd46900eaf00129a4af3a0d5fcc",
                "sha256:264a68823751fe2a18d0b14dd44b614aecd508bd01453902921c23fd5be13d4c",
                "sha256:26e24164d59e92280fa759a8a361c68490763ec230307e21990020bdeb87de50",
                "sha256:28c938bc970d2b5fe296460cf6ed19d0328776a6295f68a79057060e60bfc82f",
                "sha256:38a9e5afc5e096f26bfe5c4b458541e455032028cb5356a734ba235868b19823",
                "sha256:3914ae1268334208e33b952e9f447e0d9f43decd562f939d7d07e8589d0473ba",
                "sha256:4c958bd9e50fcd316830561f0725b3ccf893de328566c960b7bb38424d3b983d",
                "sha256:56a9f99b42ad6ad1fdb7705c16aa69b2e1a4ac34f760286a6de64c5719499da7",
                "sha256:5e0006c3a2849b7a36d2cb23bcf14753b6ffc3eafac48fa29fafad942cfa4627",
                "sha256:6a00512de1f2e3ce66ba35c5420babaef1fe2d9c43a8faab4080b0dbcc26bc64",
                "sha256:7bc07c32703e4e63f2f60c729b0ae99acbccbfd3ae4c64a322a75482d915d4af",
                "sha256:7fbd49b1bd5240feb69ec4c67f4c76fc9dfdfc472d642833668ecaad0e14673d",
                "sha256:82bbbeadbc579b6f2a7365db2d3ea21043699e424cfcca434b3baa11309260ae",
                "sha256:83237d27b6dec0f6b76406de5be1cf249cffb4377079acc3f3dfa72de1e307cf",
                "sha256:8a4733edf3ca1c7dd9c7e1289dd5974657f1147642ef8ded1e57a1266922e32a",
                "sha256:8afdc3751c6269ef46879ca6ff32a1362f298c77f2cf0723c66ae65c35be5db0",
                "sha256:9f8bbd876c4d68cb12b9de9dc6734c17ca295e4759e684417fd7f3dd96d3ed2c",
                "sha256:a51c3a1c948664874f91636ba6169bca4dc68f5fac7b980fcb9c769a8d1f9ebc",
                "sha256:aba08b4db9163c52a1106efa8b19c5a4e519e5f45644551bb1358ec189a14505",
                "sha256:abfb2426266d806a7d794a8ecbd0fbb385b48bddf2db6ac9a2e95d48e2c603bd",
                "sha256:b9bc1d7e681c5a7560280a5aa8000f736eb0e47efacb7b6206275ed004595a92",
                "sha256:ca81d4b6f511f1e0d2a1c76ad5b3a4a3a0edf683f27600d4a86da55cb134372a",
                "sha256:cefa9356770d71176c87ab60f6fdb186ec9cbc6399a6c2de1017852505d44963",
                "sha256:d17a6a689bb3e6c0f280620dfddb1b91ffb8fcdae3b8707bdf6285df4100d011",
                "sha256:d8e40814fefc300bc64251f5d6bd8988e49442d7ded0e5702b5366323a035afc",
                "sha256:e30fd7a32cbe7fe6c186deefef03670bf75d76ead23418f8c91519899be5518e",
                "sha256:e86984b90a0176bafb5890f1f14a2962317eee9e95e0a917e6b06a5b0c764e25",
                "sha256:f01e79f4123205d0f99b97199b53345cb6378974e738792c620957c6223fded9",
                "sha256:f441347d0d07b4cb9ca36bda70c3aa98a7484a262b8f44d0f82b70dbb5e11b47",
                "sha256:fb5b8978b937677a32b5aecc72231560d29243622a298a5c31183b156f9f42e3"
            ],
            "version": "==0.27.3"
        },
        "cytoolz": {
            "hashes": [
                "sha256:84cc06fa40aa310f2df79dd440fc5f84c3e20f01f9f7783fc9c38d0a11ba00e5"
            ],
            "version": "==0.9.0.1"
        },
        "decorator": {
            "hashes": [
                "sha256:7d46dd9f3ea1cf5f06ee0e4e1277ae618cf48dfb10ada7c8427cd46c42702a0e",
                "sha256:94d1d8905f5010d74bbbd86c30471255661a14187c45f8d7f3e5aa8540fdb2e5"
            ],
            "version": "==4.2.1"
        },
        "docutils": {
            "hashes": [
                "sha256:02aec4bd92ab067f6ff27a38a38a41173bf01bed8f89157768c1573f53e474a6",
                "sha256:51e64ef2ebfb29cae1faa133b3710143496eca21c530f3f71424d77687764274",
                "sha256:7a4bd47eaf6596e1295ecb11361139febe29b084a87bf005bf899f9a42edc3c6"
            ],
            "version": "==0.14"
        },
        "e1839a8": {
            "editable": true,
            "path": "."
        },
        "empyrical": {
            "hashes": [
                "sha256:2dc7d3e2c96e8b2ef44aa41ea7674e828263898e2d54fd78f400c69ab54a7ffe"
            ],
            "version": "==0.2.1"
        },
        "enigma-catalyst": {
            "hashes": [
                "sha256:0cd36a4e28c4183f3275f03a820b438cfedcbc2dda9082db7dcd43663c7ca3dd"
            ],
            "version": "==0.5.3"
        },
        "eth-abi": {
            "hashes": [
                "sha256:3b965a707640cac5260208ceb58e02fd41b58b8e356dc95784dfdef8e3b1d4d0",
                "sha256:58aed210e49da6bd318c026d306da2bf4c63022745460a791546ac10c4982162"
            ],
            "version": "==1.0.0"
        },
        "eth-account": {
            "hashes": [
                "sha256:699596917c094972722fd2a3169c1d85a729d427e1c4d04057cc6f8d83b64bd2",
                "sha256:d1ec84ff0c45767ecb94005fe1135defa90341ac0f1de5eabd11c3877d273af0"
            ],
            "version": "==0.1.0a2"
        },
        "eth-hash": {
            "hashes": [
                "sha256:a33a58f3b2aa2d30472e3ba790e146e6a1436d35849fa35e06a784a1afa9262a",
                "sha256:fdef488d4d5560025a814ce62e2d1b81297f773b8edaf17f5e8972c9b4c357e3"
            ],
            "version": "==0.1.0"
        },
        "eth-keyfile": {
            "hashes": [
                "sha256:70d734af17efdf929a90bb95375f43522be4ed80c3b9e0a8bca575fb11cd1159",
                "sha256:939540efb503380bc30d926833e6a12b22c6750de80feef3720d79e5a79de47d"
            ],
            "version": "==0.5.1"
        },
        "eth-keys": {
            "hashes": [
                "sha256:5ab2612f457452dc0a318655051cdd05c20f4db2f445003a46c98d324101b0e4",
                "sha256:b48fc92a527bd905525855ebe45e79ba17be6654c4bedb947119648c145c74c0"
            ],
            "version": "==0.2.0b3"
        },
        "eth-rlp": {
            "hashes": [
                "sha256:1330ebf341cd13fefbd9edaa038054cb19bc38368f866eb777f1f880577ed499",
                "sha256:773bd96b4b83939822ef5d7dffa90448d5ccc2d38e5aeb03850c808ae43c183d"
            ],
            "version": "==0.1.0"
        },
        "eth-utils": {
            "hashes": [
                "sha256:045ab09086286a65778ea15d4411323c04cb1f5acbbf84a486117df8ca4a4c16",
                "sha256:f838e27cec81b7e3fe475c1cc0151bfbc971c3badd8615a801171f2d1fcdd20f"
            ],
            "version": "==1.0.1"
        },
        "hexbytes": {
            "hashes": [
                "sha256:27cc227ae95fc20d44325ac0329a0293d656a05230da079650705030c7d7a819",
                "sha256:67e5608cb4a14d0a4ced058e595bb1f70c207ef2b5219fdc82af10e54bcf38de"
            ],
            "version": "==0.1.0"
        },
        "idna": {
            "hashes": [
                "sha256:2c6a5de3089009e3da7c5dde64a141dbc8551d5b7f6cf4ed7c2568d0cc520a8f",
                "sha256:8c7309c718f94b3a625cb648ace320157ad16ff131ae0af362c9f21b80ef6ec4"
            ],
            "version": "==2.6"
        },
        "inflection": {
            "hashes": [
                "sha256:18ea7fb7a7d152853386523def08736aa8c32636b047ade55f7578c4edeb16ca"
            ],
            "version": "==0.3.1"
        },
        "intervaltree": {
            "hashes": [
                "sha256:aca5804b88f70cb49050c37b6de59090570f77a75aec1932966cf69f6a48810b"
            ],
            "version": "==2.1.0"
        },
        "jmespath": {
            "hashes": [
                "sha256:6a81d4c9aa62caf061cb517b4d9ad1dd300374cd4706997aff9cd6aedd61fc64",
                "sha256:f11b4461f425740a1d908e9a3f7365c3d2e569f6ca68a2ff8bc5bcd9676edd63"
            ],
            "version": "==0.9.3"
        },
        "kiwisolver": {
            "hashes": [
                "sha256:0ee4ed8b3ae8f5f712b0aa9ebd2858b5b232f1b9a96b0943dceb34df2a223bc3",
                "sha256:0f7f532f3c94e99545a29f4c3f05637f4d2713e7fd91b4dd8abfc18340b86cd5",
                "sha256:1a078f5dd7e99317098f0e0d490257fd0349d79363e8c923d5bb76428f318421",
                "sha256:1aa0b55a0eb1bd3fa82e704f44fb8f16e26702af1a073cc5030eea399e617b56",
                "sha256:2874060b91e131ceeff00574b7c2140749c9355817a4ed498e82a4ffa308ecbc",
                "sha256:379d97783ba8d2934d52221c833407f20ca287b36d949b4bba6c75274bcf6363",
                "sha256:3b791ddf2aefc56382aadc26ea5b352e86a2921e4e85c31c1f770f527eb06ce4",
                "sha256:4329008a167fac233e398e8a600d1b91539dc33c5a3eadee84c0d4b04d4494fa",
                "sha256:45813e0873bbb679334a161b28cb9606d9665e70561fd6caa8863e279b5e464b",
                "sha256:53a5b27e6b5717bdc0125338a822605084054c80f382051fb945d2c0e6899a20",
                "sha256:66f82819ff47fa67a11540da96966fb9245504b7f496034f534b81cacf333861",
                "sha256:79e5fe3ccd5144ae80777e12973027bd2f4f5e3ae8eb286cabe787bed9780138",
                "sha256:8b6a7b596ce1d2a6d93c3562f1178ebd3b7bb445b3b0dd33b09f9255e312a965",
                "sha256:9576cb63897fbfa69df60f994082c3f4b8e6adb49cccb60efb2a80a208e6f996",
                "sha256:95a25d9f3449046ecbe9065be8f8380c03c56081bc5d41fe0fb964aaa30b2195",
                "sha256:aaec1cfd94f4f3e9a25e144d5b0ed1eb8a9596ec36d7318a504d813412563a85",
                "sha256:acb673eecbae089ea3be3dcf75bfe45fc8d4dcdc951e27d8691887963cf421c7",
                "sha256:b15bc8d2c2848a4a7c04f76c9b3dc3561e95d4dabc6b4f24bfabe5fd81a0b14f",
                "sha256:b1c240d565e977d80c0083404c01e4d59c5772c977fae2c483f100567f50847b",
                "sha256:ce3be5d520b4d2c3e5eeb4cd2ef62b9b9ab8ac6b6fedbaa0e39cdb6f50644278",
                "sha256:e0f910f84b35c36a3513b96d816e6442ae138862257ae18a0019d2fc67b041dc",
                "sha256:ea36e19ac0a483eea239320aef0bd40702404ff8c7e42179a2d9d36c5afcb55c",
                "sha256:f923406e6b32c86309261b8195e24e18b6a8801df0cfc7814ac44017bfcb3939"
            ],
            "version": "==1.0.1"
        },
        "logbook": {
            "hashes": [
                "sha256:2adcb5dce512a4f5a1597a86fbcf9aa2903bcd559c0b73061d35c40349f53ed8",
                "sha256:55c5f3b4f8d1b65728eba8cb3b525fbac75096d03e2976c1fd12e96cd150e116",
                "sha256:744bde9793d4b42cef8b006cf5ab1c052f1cf51b7e782709132eae405ef6d8ef",
                "sha256:773c6e2977507313f94049b52e624dd5add790b31d0418b73777caea25c41a95",
                "sha256:b41bcfe892d5aa66b2b4736f7f0b154fd7561ba439d45a16845e3d6acbd18497",
                "sha256:b91c4305e6127b4879ac6a09e0677dbbd3b2f2ed44737c70ae938cfb3f3bc70c",
                "sha256:f44562b4ecf529046db0e0a80ee145217c865966834e85479352d986a455488b"
            ],
            "version": "==1.3.0"
        },
        "lru-dict": {
            "hashes": [
                "sha256:365457660e3d05b76f1aba3e0f7fedbfcd6528e97c5115a351ddd0db488354cc"
            ],
            "version": "==1.1.6"
        },
        "lxml": {
            "hashes": [
                "sha256:0ee07da52d240f1dc3c83eef5cd5f1b7f018226c1121f2a54d446645779a6d17",
                "sha256:155521c337acecf8202091cff85bb9f709f238130ebadf04280fb1db11f5ad8b",
                "sha256:155c916cf2645b4a8f2bd5d09065e92d1b67b8d464bdc001e0b524af84bedf6f",
                "sha256:2190266059fec3c5a55f9d6c30532c64c6d414d3228909c0af573fe4907e78d1",
                "sha256:29a36e354c39b2e24bc4ee103de53417ebb80f976a6ab9e8d093d559e2ac03e1",
                "sha256:2dedfeeecc2d5a939cf622602f5a1ce443ca82407f386880f739f1a9f08053ad",
                "sha256:3b33549fb8f91b38a7500078242b03cca513f3412a2cdae722e89bf83f95971d",
                "sha256:4187c4b0cefc3353181db048c51f42c489d9ac51e40b86c4851dc0671372971d",
                "sha256:41f59cbdab232f11680d5d4dec9f2e6782fd24d78e37ee833447702e34e675f4",
                "sha256:470d7ce41e8047208ba1a376560bad17f1468df1f3097bc83902b26cfafdbb0c",
                "sha256:49a655956f8de69e1258bc0fcfc43eb3bd1e038655784d77d1869b4b81444e37",
                "sha256:4c12e90886d9c53ab434c8d0cebea122321cce19614c3c6b6d1a7700d7cc6212",
                "sha256:6cba398eb37e0631e60e0e080c101cfe91769b2c8267105b64b4625e2581ea21",
                "sha256:79322000279cda10b53c374d53ca632ead3bc51c6aebf8e62c8fa93a4d08b750",
                "sha256:87a66bcadac270fc010cb029022a93fc722bf1204a8b03e782d4c790f0edf7ca",
                "sha256:940caef1ec7c78e0c34b0f6b94fe42d0f2022915ffc78643d28538a5cfd0f40e",
                "sha256:950e63387514aa1b881eba5ac6cb2ec51a118b3dafe99dd80ca19d8fb0142f30",
                "sha256:af8a5373241d09b8fc53e0490e1719ce5dc90a21b19db89b6596c1adcdd52270",
                "sha256:b106d4d2383382399ad82108fd187e92f40b1c90f55c2d36bbcb1c44bcf940fc",
                "sha256:ba05732e4bcf59e948f61588851dcf620fd60d5bbd9d704203e5f59bbaa60219",
                "sha256:d2c985d2460b81c6ca5feb8b86f1bc594ad59405d0bdf68626b85852b701553c",
                "sha256:d5d29663e979e83b3fc361e97200f959cddb3a14797391d15273d84a5a8ae44b",
                "sha256:dd291debfaa535d9cb6cee8d7aca2328775e037d02d13f1634e57f49bc302cc4",
                "sha256:e37427d5a27eefbcfc48847e0b37f348113fac7280bc857421db39ffc6372570",
                "sha256:e608839a5ee2180164424ccf279c8e2d9bbe8816d002c58fd97d6b621ba4aa94",
                "sha256:e6b6698415c7e8d227a47a3b1038e1b37c2b438a1b48c2db7ad9e74ddbcd1149",
                "sha256:e7e41d383f19bab9d57f5f3b18d158655bcd682e7e723f441b9e183e1e35a6b5",
                "sha256:fa7320679ced5e25b20203d157280680fc84eb783b6cc650cb0c98e1858b7dd3"
            ],
            "version": "==4.1.1"
        },
        "mako": {
            "hashes": [
                "sha256:4e02fde57bd4abb5ec400181e4c314f56ac3e49ba4fb8b0d50bba18cb27d25ae"
            ],
            "version": "==1.0.7"
        },
        "markupsafe": {
            "hashes": [
                "sha256:a6be69091dac236ea9c6bc7d012beab42010fa914c459791d627dad4910eb665"
            ],
            "version": "==1.0"
        },
        "matplotlib": {
            "hashes": [
                "sha256:08de895360bd5dc489514b395ff5da153931939145ae4608afb78799dc592dc0",
                "sha256:3947b26e4ba51276df41167614a0fde9fba43740c7999fbd2b5de34fd75119cc",
                "sha256:3ca7a2c17b5c4c21177f764abca197ff9ac0ac68352e24718d05929c8592ed0d",
                "sha256:504c3a891fcfdb48e94983c50a5b8b626f25000d407ea2d9ab9ed5691762fbe8",
                "sha256:5837e3dd76d43aa2fe0a90c79f6c1d4d38c205550e8ae685bda176af62c86bbd",
                "sha256:6cbe2b9cdb61fdea331e1e1feebeb1d03c49cb84af43957767e5471b99ddb822",
                "sha256:8917e89672b7668861f6db45561bd5fc1ecd240089ab0723e4ca96bd1e1f44ce",
                "sha256:8df8c75938193cda5a041762fcc96f47658a6125fae07dc0678502dba3b62f4c",
                "sha256:9819535c069d7207dd55f3992875e96a3ea6a787ddc37afea00cc95bba4125ee",
                "sha256:b91ee711c7e6e4c43f106f223e9eac50e98f35153813f5fd70fd592be3616ade",
                "sha256:c33cf0f2a2064b3ae60f9fb806a1da5addaf6be66ec3d106794955e3888d8442",
                "sha256:c7d2524971ba0b9da1b04a9054749f8654298573243db6eb762d7f58daece1b4",
                "sha256:d65879e7ddce62fc2e6339216a0c0273b3f0e4b2401f7edb512efcbd72d13e9b",
                "sha256:d744e56eb6742a4a3a9dbbb22c71bd0d6262543a2817fb35c9ed21ff4d06e4ce",
                "sha256:da2ccf36a7f09d07b64b8bb708f1389f8493a5326a12ba959483b9530c64fd23",
                "sha256:f652a3f23ea347a57eb6743ba83cd91ac347bed08fb82acde0e015a9afacbbd9",
                "sha256:f6c0fd70adbe1e41d11b3665409566a512ee037268654e558d79f669a6dd183f",
                "sha256:fe816662169026f6d13063be05f7ccadb11d80e737351b778ceb3fa17ef23002"
            ],
            "version": "==2.2.0"
        },
        "more-itertools": {
            "hashes": [
                "sha256:0dd8f72eeab0d2c3bd489025bb2f6a1b8342f9b198f6fc37b52d15cfa4531fea",
                "sha256:11a625025954c20145b37ff6309cd54e39ca94f72f6bb9576d1195db6fa2442e",
                "sha256:c9ce7eccdcb901a2c75d326ea134e0886abfbea5f93e91cc95de9507c0816c44"
            ],
            "version": "==4.1.0"
        },
        "multipledispatch": {
            "hashes": [
                "sha256:58803e7a748ccf551ea2a7886183248093f5f78df48c71417401f17d63208dfa",
                "sha256:9e92d63efad2c9b68562175d9148d8cb32d04bf5557991190e643749bf4ed954"
            ],
            "version": "==0.5.0"
        },
        "ndg-httpsclient": {
            "hashes": [
                "sha256:0c48887887979f2cb30f3f341f33d02f7dd5167b3a9b417048e8e94f51a1527a",
                "sha256:e0c815950873a7ff13ff41c5fe585b2904e4b808c75f2aba587b73cc9fbfde67",
                "sha256:fba4d4798dcac2965874f24afb6631b4326baa4bd02505744d34f690c354856a"
            ],
            "version": "==0.4.4"
        },
        "networkx": {
            "hashes": [
                "sha256:64272ca418972b70a196cb15d9c85a5a6041f09a2f32e0d30c0255f25d458bb1"
            ],
            "version": "==2.1"
        },
        "numexpr": {
            "hashes": [
                "sha256:0cd95fef6cb8c0e716c6e2081ce4da0350d361195c0eac6c5b0f1f2d6e15d1e2",
                "sha256:1c24ffb5837f5e4d8cbd30bcaa55ba10f39a9174fddeeff80b92567c1c44d037",
                "sha256:21512b764bbfb80c6579f63cde8470e2986cf45741d7cbd84ddf0c43a6662289",
                "sha256:2439b399f813b806129a5ee330aa4a354f4f93827f90ee34c75544dc637e750e",
                "sha256:3085f83f24707ea86d5ed141b44fd3646e1ebc91b994dd97df18f904a774c3fe",
                "sha256:35e99a2c07dea4cbe221ac230351d6dad6a401f4825056f136ea0cfda109faf1",
                "sha256:3ad5369a90ab3bb6110a5af55857bb26bd62c99e0a7d2dd7a738f55a79de6c98",
                "sha256:422354710d7c7f81f0d8cbac8f2d41c6e3fd4f74a6e5b3cbbb7c639b4cbfce53",
                "sha256:4431dc92a9c674678ce151735d96454ab2506651696d3eaf9ce26560822e60e8",
                "sha256:5c5c78eb8f034770cbb36823ea82a24e073eb2a3b644c82bf5396686a888d155",
                "sha256:5cfa58eb834d541a9cce65f20f61df77294b9ef7339dd86f0765662d912765be",
                "sha256:6e269478879181e9ad3e7769c6e122d9f5c7e835994713a1df4979fce0bf8260",
                "sha256:7a6a92c25b2a16417134c17912c29339b5bcee0ac47b06454827489a6b744b8b",
                "sha256:80e1bf9b0f979f0f2598811f35f2e33f0c9ea84da611c604c2b66a14622138ff",
                "sha256:879f1fc624b00fd62642821d599973abc0d5eeaae428fc3719734216ad909030",
                "sha256:88bae26db9c8ba4feee40605dd44ab0474413e5a4562cc95dfa068a7b25c61df",
                "sha256:89d8192f2b838eec1f7e74fcd401610c98ecbb598d67f3f0d5ddda7c364d9fbf",
                "sha256:a48c48e7f9c97eb4620472338612ef3139a04f97966b44bfde85fec78bfa7791",
                "sha256:b2cd9c914caf55cb28bd11912ef7f3842506e37cf4ea1d995b7d00638d6de020",
                "sha256:bb5ee81885b678a866c59204bab97e84ca8f9487c04289492e6ce428c7b573e5",
                "sha256:c8c9b450a8004961a062e64a3beb8dec1e96246f67a1215465b3a38ae561e628",
                "sha256:f0bef9a3a5407fb8d6344cf91b658bef7c13ec8a8eb13f423822d9d2ca5af6ce",
                "sha256:f63c422f52ed8b322ee02b4a3b86e46f41ce5893c04c96e3a24d7c681f80f98c"
            ],
            "version": "==2.6.4"
        },
        "numpy": {
            "hashes": [
                "sha256:12cf4b27039b88e407ad66894d99a957ef60fea0eeb442026af325add2ab264d",
                "sha256:2da8dff91d489fea3e20155d41f4cd680de7d01d9a89fdd0ebb1bee6e72d3800",
                "sha256:377def0873bbb1fbdedb14b3275b10a29b1b55619a3f7f775c4e7f9ce2461b9c",
                "sha256:3d7ddd5bdfb12ec9668edf1aa49a4a3eddb0db4661b57ea431477eb9a2468894",
                "sha256:49880b47d7272f902946dd995f346842c95fe275e2deb3082ef0495f0c718a69",
                "sha256:4e2fc841c8c642f7fd44591ef856ca409cedba6aea27928df34004c533839eee",
                "sha256:6b1011ffc87d7e2b1b7bcc6dc21bdf177163658746ef778dcd21bf0516b9126c",
                "sha256:6b8c2daacbbffc83b4a2ba83a61aa3ce60c66340b07b962bd27b6c6bb175bee1",
                "sha256:788e1757f8e409cd805a7cd82993cd9252fa19e334758a4c6eb5a8b334abb084",
                "sha256:7d4c549e41507db4f04ec7cfab5597de8acf7871b16c9cf64cebcb9d39031ca6",
                "sha256:81b9d8f6450e752bd82e7d9618fa053df8db1725747880e76fb09710b57f78d0",
                "sha256:89b9419019c47ec87cf4cfca77d85da4611cc0be636ec87b5290346490b98450",
                "sha256:9501c9ccd081977ca5579a3ec4009d6baff6bacb04bf07214aade3324734195a",
                "sha256:9b762e78739b6e021124adbea07611682db99cd3fca7f3c3a8b98b8f74ea5699",
                "sha256:a1f5173df8190ef9c6235d260d70ca70c6fb029683ceb66e244c5cc6e335947a",
                "sha256:a3d5dd437112292c707e54f47141be2f1100221242f07eda7bd8477f3ddc2252",
                "sha256:a8bc80f69570e11967763636db9b24c1e3e3689881d10ae793cec74cf7a627b6",
                "sha256:b803306c4c201e7dcda0ce1b9a9c87f61a7c7ce43de2c60c8e56147b76849a1a",
                "sha256:c8000a6cbc5140629be8c038c9c9cdb3a1c85ff90bd4180ec99f0f0c73050b5e",
                "sha256:e2335d56d2fd9fc4e3a3f2d3148aafec4962682375f429f05c45a64dacf19436",
                "sha256:e5ade7a69dccbd99c4fdbb95b6d091d941e62ffa588b0ed8fb0a2854118fef3f",
                "sha256:e8522cad377cc2ef20fe13aae742cc265172910c98e8a0d6014b1a8d564019e2",
                "sha256:fa0944650d5d3fb95869eaacd8eedbd2d83610c85e271bd9d3495ffa9bc4dc9c"
            ],
            "version": "==1.14.1"
        },
        "pandas": {
            "hashes": [
                "sha256:08a98b2ffd9214aea0999db7417102d1b2de45b64c4f50a5ed1a50c6c5c3b91b",
                "sha256:092514870e4bc7843cbba32327805b1305d26d3cfa700afba88bc33c6093b836",
                "sha256:1667478d6093a15a0564c9eeb03b5ac91de94a147a6b5ad2272674f029e60cf7",
                "sha256:169873bd846bcfbdb387ae4fc0c324c629edcf92d495e8c498c7fa6b72fc517b",
                "sha256:51fd63166e59ac43d350e7d14857ea4217844a61b20d4c9d089177fcf8614b75",
                "sha256:60b235fbd26177aff3ff16408e4a8e52e922e5534bdd9df9c501cf919fecd260",
                "sha256:6f0f4f598c2b16746803c8bafef7c721c57e4844da752d36240c0acf97658014",
                "sha256:7189ea59e672766da26c81581bd12b91c371c386381b345f28ff19bca69ae5c5",
                "sha256:873532a9a9afe614e7c42bfa0e72a0d97cce1c6f1e5e93f0340f139cf647aad2",
                "sha256:a1aa1fb8b487bda388681dbd1438fa49655bf3f3a2f3e53101d2f65053d1f519",
                "sha256:a85d07962701184def927d82f216624737ff9f752f00384d3a8397cf5b52e2f8",
                "sha256:aa256d6c93885bebb93b56bc230115c8c279b65dc94e0d67086f159ab91b1f12",
                "sha256:ace3dc64604cb291e7906f83c2f99c495afa13dfbdd51cf82d242004dbe84401",
                "sha256:b7bf54959ef3ee82f55b169e3c1d3ba1818f14e876946056e8b8275e99ea69b0",
                "sha256:e740ddc6cafc2d9ae5bb8ff122e0509b5b2249f19b5dd123b375c09380f12064",
                "sha256:ea20a1d1aea4344173e31b45ae26c8261288a201e7ab438f9f4f69e41341b58d",
                "sha256:f18c85f69025161b8528877b3501b2e5c3b8aa8d87a4a2357f4c08992b206d3a",
                "sha256:ffd33b6013e969d6af2b7dd9393770856153f0507afcab0d66e82730509de43e"
            ],
            "version": "==0.19.2"
        },
        "pandas-datareader": {
            "hashes": [
                "sha256:14f4c64b34100d60753fcf04b4681322da4625d48e90efcd862a93aeacbc3118",
                "sha256:47681336a3f6e6953b024bd73f8bb005f36e8df831ccce336e9fc601c587e3db"
            ],
            "version": "==0.6.0"
        },
        "patsy": {
            "hashes": [
                "sha256:14269536ecedaae0a5a2f300faac7d0afa1cc47aa98c561f54ba7300d0ec4011",
                "sha256:e05f38d5c38c8d216f0cc2b765b1069b433c92d628b954fb2fee68d13e42883b"
            ],
            "version": "==0.5.0"
        },
        "pyasn1": {
            "hashes": [
                "sha256:d258b0a71994f7770599835249cece1caef3c70def868c4915e6e5ca49b67d15",
                "sha256:d5cd6ed995dba16fad0c521cfe31cd2d68400b53fcc2bce93326829be73ab6d1"
            ],
            "version": "==0.4.2"
        },
        "pycparser": {
            "hashes": [
                "sha256:99a8ca03e29851d96616ad0404b4aad7d9ee16f25c9f9708a11faf2810f7b226"
            ],
            "version": "==2.18"
        },
        "pycryptodome": {
            "hashes": [
                "sha256:008e0bfc02f8c409fbe31a1dd1ff3aa18b5c109b47a05603ca734506a7b3a8cb",
                "sha256:02ad39528c6e856acfc04af7b86106b58806b56b067548be7213016510f44142",
                "sha256:08b0af4035b036d3fa051148e1d44ab8e4260e87daca2c34e29fd1ba883a890b",
                "sha256:215e1d99e389ebe910e5a12c85a1974eba88e2fc23256913e9eff5a34f7361a9",
                "sha256:3f792eb9ff211445712824c30c1f59970f79339bcc4e0b0e2903445d20f99685",
                "sha256:684045e3b34d646b3888cb334a051ff11f9e393482fed95e9914d155a592348c",
                "sha256:6881f7c099e64600eaf5baabec6a83db24db695f00d64f472fd583736f652bee",
                "sha256:73ea3973983eaa096c6f2857185d9cd1d89586cf69478ff4ddbf6a4df9068d78",
                "sha256:74bcd74b580f486f67ea71b9f86aa405cf2a454ddddc3ec03d8274c2f9cb6949",
                "sha256:78b537993b3baeb1e0f0ae6546cbbf859f71aec5815ff234f8b496fdc8be862d",
                "sha256:8c7c50269092127d19db4004c4bd5814daa158428947d2074ef94dc2c4c363e3",
                "sha256:90c1c08431ccf8d6385b5071e5d3f7ecbf85dbd1cbd45439fe136bc514c73136",
                "sha256:9bcf1157ba987081a3a52db3a2f5e358e7cafe3321ed3efa9c4f8d94ca1cf230",
                "sha256:a14521d67f082f76dea5d63affa70923ef6228151d56d2e8320baaabb31b0488",
                "sha256:ae8a135010e73b9be3a058177fc2bea5a0210ef06f4ec98a08096f4f95f01eb7",
                "sha256:b7957736f5e868416b06ff033f8525e64630c99a8880b531836605190b0cac96",
                "sha256:bb2c04525ababc2e74e09250e2a13ff01153ce49b2418be88d75d7656673e98e",
                "sha256:c0ea075b462ddd2135002ed9df72925e08629e750b9f37c21a2076602fab23a8",
                "sha256:cfa669956db31bfc5aad26dc1625b218e3f0200f4b52f1f36985488d86a55d93",
                "sha256:d6263002baf78f92ed1a5bd1112b695eed3d1b03813a516a1443a5ad41e70d09",
                "sha256:d76e04b988dadb4893f68ca1ff189ae37c4766cbd3cbed39d764e63bf2d2874f",
                "sha256:eb3b3608764a0203d3f8b74ee2566d6bcda53c8afc2d70596f2ee5031e049f04",
                "sha256:fd2ca8126841cee1bedc1d8e1bb5e9bfe3f0624f9858b580f8bd4309421c2b27"
            ],
            "version": "==3.5.1"
        },
        "pyopenssl": {
            "hashes": [
                "sha256:07a2de1a54de07448732a81e38a55df7da109b2f47f599f8bb35b0cbec69d4bd",
                "sha256:2c10cfba46a52c0b0950118981d61e72c1e5b1aac451ca1bc77de1a679456773"
            ],
            "version": "==17.5.0"
        },
        "pyparsing": {
            "hashes": [
                "sha256:0832bcf47acd283788593e7a0f542407bd9550a55a8a8435214a1960e04bcb04",
                "sha256:fee43f17a9c4087e7ed1605bd6df994c6173c1e977d7ade7b651292fab2bd010"
            ],
            "version": "==2.2.0"
        },
        "python-dateutil": {
            "hashes": [
                "sha256:891c38b2a02f5bb1be3e4793866c8df49c7d19baabf9c1bad62547e0b4866aca",
                "sha256:95511bae634d69bc7329ba55e646499a842bc4ec342ad54a8cdb65645a0aad3c"
            ],
            "version": "==2.6.1"
        },
        "python-editor": {
            "hashes": [
                "sha256:a3c066acee22a1c94f63938341d4fb374e3fdd69366ed6603d7b24bed1efc565"
            ],
            "version": "==1.0.3"
        },
        "pytz": {
            "hashes": [
                "sha256:07edfc3d4d2705a20a6e99d97f0c4b61c800b8232dc1c04d87e8554f130148dd",
                "sha256:410bcd1d6409026fbaa65d9ed33bf6dd8b1e94a499e32168acfc7b332e4095c0"
            ],
            "version": "==2018.3"
        },
        "quandl": {
            "hashes": [
                "sha256:c6722937712138f1fa06bb2bd5d90db4b6df1b603bbc2069abe86918036aa9f4",
                "sha256:d0775db98e4d0f8e031825df896abda7260ab5169ff2cfadd16bb0ad32f08111"
            ],
            "version": "==3.3.0"
        },
        "redo": {
            "hashes": [
                "sha256:69ea97e4d934806475fe86f93e4f74da2994acab20c2e3cfe0d3ca6380e3f907"
            ],
            "version": "==1.6"
        },
        "requests": {
            "hashes": [
                "sha256:6a1b267aa90cac58ac3a765d067950e7dbbf75b1da07e895d1f594193a40a38b",
                "sha256:9c443e7324ba5b85070c4a818ade28bfabedf16ea10206da1132edaa6dda237e"
            ],
            "version": "==2.18.4"
        },
        "requests-file": {
            "hashes": [
                "sha256:75c175eed739270aec3c5279ffd74e6527dada275c5c0d76b5817e9c86bb7dea",
                "sha256:8f04aa6201bacda0567e7ac7f677f1499b0fc76b22140c54bc06edf1ba92e2fa"
            ],
            "version": "==1.4.3"
        },
        "requests-ftp": {
            "hashes": [
                "sha256:7504ceb5cba8a5c0135ed738596820a78c5f2be92d79b29f96ba99b183d8057a"
            ],
            "version": "==0.3.1"
        },
        "requests-toolbelt": {
            "hashes": [
                "sha256:42c9c170abc2cacb78b8ab23ac957945c7716249206f90874651971a4acff237",
                "sha256:f6a531936c6fa4c6cfce1b9c10d5c4f498d16528d2a54a22ca00011205a187b5"
            ],
            "version": "==0.8.0"
        },
        "rlp": {
            "hashes": [
                "sha256:87879a0ba1479b760cee98af165de2eee95258b261faa293199f60742be96f34"
            ],
            "version": "==0.6.0"
        },
        "s3transfer": {
            "hashes": [
                "sha256:90dc18e028989c609146e241ea153250be451e05ecc0c2832565231dacdf59c1",
                "sha256:c7a9ec356982d5e9ab2d4b46391a7d6a950e2b04c472419f5fdec70cc0ada72f"
            ],
            "version": "==0.1.13"
        },
        "scipy": {
            "hashes": [
                "sha256:01c7040a83eb4e020ab729488637dcadef54cb728b035b76668ab92a72515d60",
                "sha256:046705c604c6f1d63cad3e89677c0618b7abb40ed09a4c241c671a2d8e5128a9",
                "sha256:08041e5336fcd57defcc78650b44b3df652eff3e3a801638d894e50494fb630d",
                "sha256:1f58fbd59e8d9652759df0d137832ff2a325ed708c173cba20c86589d811c210",
                "sha256:23a7238279ae94e088396b8b05a9795ef598dc79c5cd1adb91ad1ff87c7514fd",
                "sha256:3b66d5e40152175bca75cbbfd1eb5c108c50de9ae5625923f1c4f8f51cbe2dea",
                "sha256:424500b2fe573d30de6dea927076c01acaadb3efb3d1f40340e8cc37151ccf27",
                "sha256:5774adb6047983489bc81edaa72cd132e665e5680f0b2cf8ea28cd3b99e65d39",
                "sha256:5964dba6a3c0be226d44d2520de8fb4ba1501768bad57eec687d36d3f53b6254",
                "sha256:70e6fc3f2f52c9152f05e27eb9bd8543cb862cacb71f8521a571e4ffb837f450",
                "sha256:87ea1f11a0e9ec08c264dc64551d501fa307289460705f6fccd84cbfc7926d10",
                "sha256:889602ead28054a15e8c26e1a6b8420d5a4fa777cfeb3ec98cfa52b9f317d153",
                "sha256:912499ddb521b7ac6287ac4ccf5f296a83d38996c2d04f43c9e62a91f7b420aa",
                "sha256:97123a25216616723083942eb595f47fee18da6b637a88b803de5f078009003c",
                "sha256:9bd193686fd837472bdb6425486cb234ed0a4db76b930c141cc8d095ab213c8d",
                "sha256:a79b99b8b5af9a63312bd053bbb7bdb7710e6bbb9cc81617f9f6b9b1e49c72f8",
                "sha256:a9e479648aab5f36330da94f351ebbfe79acb4e6f5e6ac6aeddc9291eb096839",
                "sha256:bf36f3485e7b7291c36330a93bbfd4f5e8db23bbe4ea46c37b2839fef463f4e2",
                "sha256:cd23894e1cc6eaa00e6807b6b12e4ca66d5ff092986c9c3eb01e97f24e2d6462",
                "sha256:d84df0bc86bbdd49f0a6b6bad5cd62ccb02a3bfe546bf79263de44ae081bcd7b",
                "sha256:e3a5673c105eab802fdecb77f102d877352e201df9328698a265b7f57546b34b",
                "sha256:fa17be6c66985931d3a391f61a6ba97c902585cf26020aa3eb24604115732d22",
                "sha256:ff8b6637d8d2c074ed67f3d57513e62f94747c6f1210f43e60ad3d8e93a424e4"
            ],
            "version": "==1.0.0"
        },
        "six": {
            "hashes": [
                "sha256:70e8a77beed4562e7f14fe23a786b54f6296e34344c23bc42f07b15018ff98e9",
                "sha256:832dc0e10feb1aa2c68dcc57dbb658f1c7e65b9b61af69048abc87a2db00a0eb"
            ],
            "version": "==1.11.0"
        },
        "sortedcontainers": {
            "hashes": [
                "sha256:844daced0f20d75c02ce53f373d048ea2e401ad8a7b3a4c43b2aa544b569efb3",
                "sha256:fb9e22cd6ee4b459f0d7b9b4189b19631031c72ac05715563139162014c13672"
            ],
            "version": "==1.5.9"
        },
        "sqlalchemy": {
            "hashes": [
                "sha256:249000654107a420a40200f1e0b555a79dfd4eff235b2ff60bc77714bd045f2d"
            ],
            "version": "==1.2.5"
        },
        "statsmodels": {
            "hashes": [
                "sha256:01b6aee5ca88a6e5fb56184c5ea19c96ea3ad805bd564beba093fffb19f9766f",
                "sha256:0a2db2f5b7d3983f349b4b8f50a734d2d80ee194587f8c7a2d4fbec89fc94218",
                "sha256:26431ab706fbae896db7870a0892743bfbb9f5c83231644692166a31d2d86048",
                "sha256:2fee3cc853fede203b2a632ef89f89f13f860b98939f024f31e3183ee50baf10",
                "sha256:51cb8689d0290d91f60ff3a1db34bd64a63f8d68d8b386012ee38e597ecc0a31",
                "sha256:5f94bf04a4ffe5e60f0648635506de0bd9d2041d8c30f72ddb272e214c2b8b24",
                "sha256:6834eb063c5ff4803bbe61388a95c7c984cbcb8d11d1db0b85f50c772d4af9fb",
                "sha256:8d39f25cd7d8d4360f1e1726029a4917285f1dafb476c47bb36c3c1ee8c8f392",
                "sha256:b9426bcc7f47b7d77ff5df66ca69d1ec7d9b7aaaf89662a5e6abceb6336adecd",
                "sha256:e363b368bdcbd528270408dec3ac0558240774c2c0a71feb9cf2f774d4967fee"
            ],
            "version": "==0.8.0"
        },
        "ta-lib": {
            "hashes": [
                "sha256:555f5d9e6720ef935669c1f404a7179091ae35869c6435957709a7059b9fd1d7"
            ],
            "version": "==0.4.16"
        },
        "tables": {
            "hashes": [
                "sha256:01a9324e15b4ca65fe5a70d9ba9fadca27f0063f94afb37466c463c3cf10d1d9",
                "sha256:0f0973e17130fc72b3db2ed1e1c9d9be3bf516eed5e0df787bde0379d11d58a9",
                "sha256:14a11a87659e19dbed2aaca2fc3fe5003ec67cf009cd2d450edf9d7568510777",
                "sha256:1af371d02344f6704bc4d2e3229be5e41ae60f24226a212d261035b48272c936",
                "sha256:1d8f123df4bd9528b854a27803fa8a97d16e6d61fd4519c86e2559815defa4dc",
                "sha256:30e48c32a0871527811feb3fc3bc185fcde13e230ca75812d07a6d7dcaa14838",
                "sha256:44e6aafdf2cce17724d5d02692ca5bb34b8cfd2c77224d464fc45c71e5e33d60",
                "sha256:4ca056bedb1d14c68e715e683d3b5f905efbd59b638611b68a24cacfab69fca8",
                "sha256:59e8a9191788cdda321bd508dbe787b7484cf669d2d78af892f579929e467397",
                "sha256:5b4dda142f51d44e67c9183233d1d5381e32b18f87ebe50f60fa3a82b72417dd",
                "sha256:5e050dd1ac4781da43ceac55a88210489b502dae1ccad08df6ad1de778d51b8e",
                "sha256:64f2a06a6ab308c12885e1ffcdb9127e2d2a5c7b4573c0bc63b707fdfc36aaa8",
                "sha256:6671dc33324a07f4497695c7c8767544c01fd20bc275b47f9f343de4a0c26219",
                "sha256:682cae72232557be68f79449e55d893d478b93e59de97763d8e596d26276027f",
                "sha256:716c1eb08e2f999a7c262c289107c773dec8cb2b39d59cb43aa74fe75a6139d8",
                "sha256:750a80d627a2a36a5b02a3bb319bae3c8d11fb25177ea05223392c50825782e5",
                "sha256:7999f13283cea8e29a88390478ea8355b440b48ec21ca302469a88426e5bb165",
                "sha256:866f4a21a04e624f29ee9a51101f0a2d8979c3a03db520318b9eef6127f013ab",
                "sha256:88dfafaaa6e8a1f3b0b72bb0c909501cddfd66df6e7abb7c1cb73cf5bd1e305d",
                "sha256:949b841718c3efeb73ffc4931e7b0431014669a9799f958504cfc78f9251b763",
                "sha256:aad6bfaddf6345bc607e9757b5e4da843b9b71f345d7b37d582fbf766b830e69",
                "sha256:bfa3a013b60465f61c600874907cedecc3199e13e92c2cc14da87615eaf50ff3",
                "sha256:c7a3c908298178c756e704af0530e5536ea0a8097326dcb7cb40196c8f44afde",
                "sha256:d5833b63dda0f8f74f986dc09d8542749ea23228a1cc43ad781d78953e063c66",
                "sha256:e7fece81964b1b8c9a492a9b9436a68d4c38aa203dfd0206f40c90a7995f543b",
                "sha256:fdbbea4edb6bad0ac0e53fc7bc6970e78e12eef4944aa4146bcdcb573201676c"
            ],
            "version": "==3.4.2"
        },
        "toolz": {
            "hashes": [
                "sha256:929f0a7ea7f61c178bd951bdae93920515d3fbdbafc8e6caf82d752b9b3b31c9"
            ],
            "version": "==0.9.0"
        },
        "urllib3": {
            "hashes": [
                "sha256:06330f386d6e4b195fbfc736b297f58c5a892e4440e54d294d7004e3a9bbea1b",
                "sha256:cc44da8e1145637334317feebd728bd869a35285b93cbb4cca2577da7e62db4f"
            ],
            "version": "==1.22"
        },
        "web3": {
            "hashes": [
                "sha256:22737ee6417e782bfae59b4531302e102104a5b3ae9271a5db53c1488a7126da",
                "sha256:eb93a3e06ec88e41d8f97786dcff64234a849ee0a071d2a7a89d2b84129f1db7"
            ],
            "version": "==4.0.0b11"
        },
        "wrapt": {
            "hashes": [
                "sha256:d4d560d479f2c21e1b5443bbd15fe7ec4b37fe7e53d335d3b9b0a7b1226fe3c6"
            ],
            "version": "==1.10.11"
        }
    },
    "develop": {}
}
